
Microsoft Visual Studio Solution File, Format Version 12.00
# Visual Studio Version 17
VisualStudioVersion = 17.11.35327.3
MinimumVisualStudioVersion = 10.0.40219.1
Project("{FAE04EC0-301F-11D3-BF4B-00C04F79EFBC}") = "BT1", "BT1\BT1.csproj", "{930F852D-5C5B-49D3-BB25-AD643E35C24C}"
EndProject
Global
	GlobalSection(SolutionConfigurationPlatforms) = preSolution
		Debug|Any CPU = Debug|Any CPU
		Release|Any CPU = Release|Any CPU
	EndGlobalSection
	GlobalSection(ProjectConfigurationPlatforms) = postSolution
		{930F852D-5C5B-49D3-BB25-AD643E35C24C}.Debug|Any CPU.ActiveCfg = Debug|Any CPU
		{930F852D-5C5B-49D3-BB25-AD643E35C24C}.Debug|Any CPU.Build.0 = Debug|Any CPU
		{930F852D-5C5B-49D3-BB25-AD643E35C24C}.Release|Any CPU.ActiveCfg = Release|Any CPU
		{930F852D-5C5B-49D3-BB25-AD643E35C24C}.Release|Any CPU.Build.0 = Release|Any CPU
	EndGlobalSection
	GlobalSection(SolutionProperties) = preSolution
		HideSolutionNode = FALSE
	EndGlobalSection
	GlobalSection(ExtensibilityGlobals) = postSolution
		SolutionGuid = {CC6255D0-C1F0-4A1C-8395-27A07FEAD355}
	EndGlobalSection
EndGlobal
